# tool|architecture|version|url|sha256|format|member|download_bytes
# Official artifacts inspected 2026-09-09. Linux static assets are experimental on Android.
pi|any|0.85.1|https://registry.npmjs.org/@earendil-works/pi-coding-agent/-/pi-coding-agent-0.85.1.tgz|1f498729649bdce647d1160993b4d92bf3c614cc819213bee2f91dd34f2a7af4|npm|-|6986356
herdr|aarch64|v0.9.0|https://github.com/herdrdev/herdr/releases/download/v0.9.0/herdr-linux-aarch64|9c8db20fb7e7427b138d5367113f1621ffd319f2f65d6f009e2594029115f0d2|raw|-|22697240
codex|aarch64|rust-v0.153.4|https://github.com/openai/codex/releases/download/rust-v0.153.4/codex-package-aarch64-unknown-linux-musl.tar.gz|fc395cb043a1093ab0db34f44aba3199bfaa9ce640cd9be7fd588f44b0da64a4|tar.gz|bin/codex|117238842
# dev-cli source inspected 2026-09-13; compile with native Android Go, not the Linux release.
dev|aarch64|v0.2.33|https://github.com/daviddwlee84/dev-cli/archive/refs/tags/v0.2.33.tar.gz|4c9c20aee67472718fa6ffd5505fc601e59383532ed337299a83d78a9cfd6335|go.tar.gz|dev-cli-0.2.33|3565052
# Interactive zsh assets inspected 2026-09-13; explicit package operations only.
oh-my-zsh|any|be8da5c77192eb3da3699ea7c5e47bdfaa5eea4e|https://github.com/ohmyzsh/ohmyzsh/archive/be8da5c77192eb3da3699ea7c5e47bdfaa5eea4e.tar.gz|19992cb4fb9b04e756635abfd8eeb083d1e0c9415b3abe8bdb9544f02e59264e|tar.gz|ohmyzsh-be8da5c77192eb3da3699ea7c5e47bdfaa5eea4e|3469909
zsh-autosuggestions|any|e52ee8ca55bcc56a17c828767a3f98f22a68d4eb|https://github.com/zsh-users/zsh-autosuggestions/archive/e52ee8ca55bcc56a17c828767a3f98f22a68d4eb.tar.gz|166fad9326c99904fd3b16b5d770efb4f5df39a674599e72bba8fc41636ab065|tar.gz|zsh-autosuggestions-e52ee8ca55bcc56a17c828767a3f98f22a68d4eb|29986
zsh-syntax-highlighting|any|db085e4661f6aafd24e5acb5b2e17e4dd5dddf3e|https://github.com/zsh-users/zsh-syntax-highlighting/archive/db085e4661f6aafd24e5acb5b2e17e4dd5dddf3e.tar.gz|874999413d147b7ad6776077e1b756d31d68284f9ef2ef240b33a4c842f0e1d8|tar.gz|zsh-syntax-highlighting-db085e4661f6aafd24e5acb5b2e17e4dd5dddf3e|156434
